
Microsoft Visual Studio Solution File, Format Version 11.00
# Visual Studio 2010
Project("{8BC9CEB8-8B4A-11D0-8D11-00A0C91BC942}") = "Reaver", "Reaver\Reaver.vcxproj", "{FAD2E98D-2F19-4A83-AF59-FD63FFD6FFE8}"
EndProject
Global
	GlobalSection(SolutionConfigurationPlatforms) = preSolution
		Debug|Win32 = Debug|Win32
		Release|Win32 = Release|Win32
	EndGlobalSection
	GlobalSection(ProjectConfigurationPlatforms) = postSolution
		{FAD2E98D-2F19-4A83-AF59-FD63FFD6FFE8}.Debug|Win32.ActiveCfg = Debug|Win32
		{FAD2E98D-2F19-4A83-AF59-FD63FFD6FFE8}.Debug|Win32.Build.0 = Debug|Win32
		{FAD2E98D-2F19-4A83-AF59-FD63FFD6FFE8}.Release|Win32.ActiveCfg = Release|Win32
		{FAD2E98D-2F19-4A83-AF59-FD63FFD6FFE8}.Release|Win32.Build.0 = Release|Win32
	EndGlobalSection
	GlobalSection(SolutionProperties) = preSolution
		HideSolutionNode = FALSE
	EndGlobalSection
EndGlobal
